// !$*UTF8*$!
{
	archiveVersion = 1;
	classes = {
	};
	objectVersion = 56;
	objects = {

/* Begin PBXBuildFile section */
		1605D0E343DEE556389119E5 /* Pods_SherpaOnnxTests.framework in Frameworks */ = {isa = PBXBuildFile; fileRef = A7619A57FF4A4F44D20DBEB6 /* Pods_SherpaOnnxTests.framework */; };
		49C5A16B83F3BEC1557EBABC /* Pods_SherpaOnnx.framework in Frameworks */ = {isa = PBXBuildFile; fileRef = FFE6BA4DF44F7FE73F816604 /* Pods_SherpaOnnx.framework */; };
		97001E341F7235776BCE6961 /* Pods_SherpaOnnx_SherpaOnnxUITests.framework in Frameworks */ = {isa = PBXBuildFile; fileRef = A021718911F12E3F65192D5F /* Pods_SherpaOnnx_SherpaOnnxUITests.framework */; };
		B7046FA32CBE431F0061C446 /* speaker-diarization.swift in Sources */ = {isa = PBXBuildFile; fileRef = B7046FA22CBE431F0061C446 /* speaker-diarization.swift */; };
		B7046FB02CBE6A460061C446 /* model-pynonote.int8.onnx in Resources */ = {isa = PBXBuildFile; fileRef = B7046FA62CBE6A460061C446 /* model-pynonote.int8.onnx */; };
		B7046FB12CBE6A460061C446 /* vad-onnx.py in Resources */ = {isa = PBXBuildFile; fileRef = B7046FA72CBE6A460061C446 /* vad-onnx.py */; };
		B7046FB22CBE6A460061C446 /* speaker-diarization-torch.py in Resources */ = {isa = PBXBuildFile; fileRef = B7046FA82CBE6A460061C446 /* speaker-diarization-torch.py */; };
		B7046FB32CBE6A460061C446 /* vad-torch.py in Resources */ = {isa = PBXBuildFile; fileRef = B7046FA92CBE6A460061C446 /* vad-torch.py */; };
		B7046FB42CBE6A460061C446 /* run.sh in Resources */ = {isa = PBXBuildFile; fileRef = B7046FAA2CBE6A460061C446 /* run.sh */; };
		B7046FB52CBE6A460061C446 /* speaker-diarization-onnx.py in Resources */ = {isa = PBXBuildFile; fileRef = B7046FAB2CBE6A460061C446 /* speaker-diarization-onnx.py */; };
		B7046FB62CBE6A460061C446 /* model-pynonote.onnx in Resources */ = {isa = PBXBuildFile; fileRef = B7046FAC2CBE6A460061C446 /* model-pynonote.onnx */; };
		B7046FB72CBE6A460061C446 /* show-onnx.py in Resources */ = {isa = PBXBuildFile; fileRef = B7046FAD2CBE6A460061C446 /* show-onnx.py */; };
		B7046FB82CBE6A460061C446 /* export-pyannote-onnx.py in Resources */ = {isa = PBXBuildFile; fileRef = B7046FAE2CBE6A460061C446 /* export-pyannote-onnx.py */; };
		B7046FB92CBE6A460061C446 /* 3dspeaker_speech_eres2net_base_sv_zh-cn_3dspeaker_16k.onnx in Resources */ = {isa = PBXBuildFile; fileRef = B7046FAF2CBE6A460061C446 /* 3dspeaker_speech_eres2net_base_sv_zh-cn_3dspeaker_16k.onnx */; };
		B7046FBB2CBE6B1D0061C446 /* 0-four-speakers-zh.wav in Resources */ = {isa = PBXBuildFile; fileRef = B7046FBA2CBE6B1D0061C446 /* 0-four-speakers-zh.wav */; };
		B7852FB52CA2D3E80059AD63 /* encoder-epoch-99-avg-1.onnx in Resources */ = {isa = PBXBuildFile; fileRef = B7852FA52CA2D3E80059AD63 /* encoder-epoch-99-avg-1.onnx */; };
		B7852FB62CA2D3E80059AD63 /* encoder-epoch-99-avg-1.int8.onnx in Resources */ = {isa = PBXBuildFile; fileRef = B7852FA62CA2D3E80059AD63 /* encoder-epoch-99-avg-1.int8.onnx */; };
		B7852FB72CA2D3E80059AD63 /* joiner-epoch-99-avg-1.int8.onnx in Resources */ = {isa = PBXBuildFile; fileRef = B7852FA72CA2D3E80059AD63 /* joiner-epoch-99-avg-1.int8.onnx */; };
		B7852FB82CA2D3E80059AD63 /* bpe.model in Resources */ = {isa = PBXBuildFile; fileRef = B7852FA82CA2D3E80059AD63 /* bpe.model */; };
		B7852FB92CA2D3E80059AD63 /* tokens.txt in Resources */ = {isa = PBXBuildFile; fileRef = B7852FA92CA2D3E80059AD63 /* tokens.txt */; };
		B7852FBA2CA2D3E80059AD63 /* decoder-epoch-99-avg-1.onnx in Resources */ = {isa = PBXBuildFile; fileRef = B7852FAA2CA2D3E80059AD63 /* decoder-epoch-99-avg-1.onnx */; };
		B7852FBB2CA2D3E80059AD63 /* README.md in Resources */ = {isa = PBXBuildFile; fileRef = B7852FAB2CA2D3E80059AD63 /* README.md */; };
		B7852FBC2CA2D3E80059AD63 /* bpe.vocab in Resources */ = {isa = PBXBuildFile; fileRef = B7852FAC2CA2D3E80059AD63 /* bpe.vocab */; };
		B7852FBD2CA2D3E80059AD63 /* joiner-epoch-99-avg-1.onnx in Resources */ = {isa = PBXBuildFile; fileRef = B7852FAD2CA2D3E80059AD63 /* joiner-epoch-99-avg-1.onnx */; };
		B7852FBE2CA2D3E80059AD63 /* 8k.wav in Resources */ = {isa = PBXBuildFile; fileRef = B7852FAF2CA2D3E80059AD63 /* 8k.wav */; };
		B7852FBF2CA2D3E80059AD63 /* 0.wav in Resources */ = {isa = PBXBuildFile; fileRef = B7852FB02CA2D3E80059AD63 /* 0.wav */; };
		B7852FC02CA2D3E80059AD63 /* 1.wav in Resources */ = {isa = PBXBuildFile; fileRef = B7852FB12CA2D3E80059AD63 /* 1.wav */; };
		B7852FC12CA2D3E80059AD63 /* 3.wav in Resources */ = {isa = PBXBuildFile; fileRef = B7852FB22CA2D3E80059AD63 /* 3.wav */; };
		B7852FC22CA2D3E80059AD63 /* 2.wav in Resources */ = {isa = PBXBuildFile; fileRef = B7852FB32CA2D3E80059AD63 /* 2.wav */; };
		B7852FC32CA2D3E80059AD63 /* decoder-epoch-99-avg-1.int8.onnx in Resources */ = {isa = PBXBuildFile; fileRef = B7852FB42CA2D3E80059AD63 /* decoder-epoch-99-avg-1.int8.onnx */; };
		B7C46FD32CA39A6600DDA4DB /* Prunctuation.swift in Sources */ = {isa = PBXBuildFile; fileRef = B7C46FD12CA39A6600DDA4DB /* Prunctuation.swift */; };
		B7C46FD42CA39A6600DDA4DB /* SherpaOnnxManager.swift in Sources */ = {isa = PBXBuildFile; fileRef = B7C46FD22CA39A6600DDA4DB /* SherpaOnnxManager.swift */; };
		B7C46FD92CA39DD200DDA4DB /* Silero.swift in Sources */ = {isa = PBXBuildFile; fileRef = B7C46FD62CA39DD200DDA4DB /* Silero.swift */; };
		B7C46FDA2CA39DD200DDA4DB /* silero_vad.onnx in Resources */ = {isa = PBXBuildFile; fileRef = B7C46FD82CA39DD200DDA4DB /* silero_vad.onnx */; };
		B7C46FE82CA3A1DC00DDA4DB /* model.int8.onnx in Resources */ = {isa = PBXBuildFile; fileRef = B7C46FDC2CA3A1DC00DDA4DB /* model.int8.onnx */; };
		B7C46FEA2CA3A1DC00DDA4DB /* sense_tokens.txt in Resources */ = {isa = PBXBuildFile; fileRef = B7C46FDE2CA3A1DC00DDA4DB /* sense_tokens.txt */; };
		B7C46FEC2CA3A1DC00DDA4DB /* model.onnx in Resources */ = {isa = PBXBuildFile; fileRef = B7C46FE02CA3A1DC00DDA4DB /* model.onnx */; };
		B7C46FED2CA3A1DC00DDA4DB /* ja.wav in Resources */ = {isa = PBXBuildFile; fileRef = B7C46FE22CA3A1DC00DDA4DB /* ja.wav */; };
		B7C46FEE2CA3A1DC00DDA4DB /* en.wav in Resources */ = {isa = PBXBuildFile; fileRef = B7C46FE32CA3A1DC00DDA4DB /* en.wav */; };
		B7C46FEF2CA3A1DC00DDA4DB /* zh.wav in Resources */ = {isa = PBXBuildFile; fileRef = B7C46FE42CA3A1DC00DDA4DB /* zh.wav */; };
		B7C46FF02CA3A1DC00DDA4DB /* yue.wav in Resources */ = {isa = PBXBuildFile; fileRef = B7C46FE52CA3A1DC00DDA4DB /* yue.wav */; };
		B7C46FF12CA3A1DC00DDA4DB /* ko.wav in Resources */ = {isa = PBXBuildFile; fileRef = B7C46FE62CA3A1DC00DDA4DB /* ko.wav */; };
		B7C46FF22CA3A1DC00DDA4DB /* export-onnx.py in Resources */ = {isa = PBXBuildFile; fileRef = B7C46FE72CA3A1DC00DDA4DB /* export-onnx.py */; };
		B7CA98D22CBA0B5A007C9A7E /* AudioRecorder.swift in Sources */ = {isa = PBXBuildFile; fileRef = B7CA98D12CBA0B5A007C9A7E /* AudioRecorder.swift */; };
		B7E6E3032CBF5DFF00387B74 /* test.wav in Resources */ = {isa = PBXBuildFile; fileRef = B7E6E3022CBF5DFF00387B74 /* test.wav */; };
		C93989AE2A89FE13009AB859 /* sherpa-onnx.xcframework in Frameworks */ = {isa = PBXBuildFile; fileRef = C984A81B29AA11C500D74C52 /* sherpa-onnx.xcframework */; };
		C984A7E829A9EEB700D74C52 /* AppDelegate.swift in Sources */ = {isa = PBXBuildFile; fileRef = C984A7E729A9EEB700D74C52 /* AppDelegate.swift */; };
		C984A7EA29A9EEB700D74C52 /* SceneDelegate.swift in Sources */ = {isa = PBXBuildFile; fileRef = C984A7E929A9EEB700D74C52 /* SceneDelegate.swift */; };
		C984A7F129A9EEB900D74C52 /* Assets.xcassets in Resources */ = {isa = PBXBuildFile; fileRef = C984A7F029A9EEB900D74C52 /* Assets.xcassets */; };
		C984A7F429A9EEB900D74C52 /* LaunchScreen.storyboard in Resources */ = {isa = PBXBuildFile; fileRef = C984A7F229A9EEB900D74C52 /* LaunchScreen.storyboard */; };
		C984A7FF29A9EEBA00D74C52 /* SherpaOnnxTests.swift in Sources */ = {isa = PBXBuildFile; fileRef = C984A7FE29A9EEBA00D74C52 /* SherpaOnnxTests.swift */; };
		C984A80929A9EEBA00D74C52 /* SherpaOnnxUITests.swift in Sources */ = {isa = PBXBuildFile; fileRef = C984A80829A9EEBA00D74C52 /* SherpaOnnxUITests.swift */; };
		C984A80B29A9EEBA00D74C52 /* SherpaOnnxUITestsLaunchTests.swift in Sources */ = {isa = PBXBuildFile; fileRef = C984A80A29A9EEBA00D74C52 /* SherpaOnnxUITestsLaunchTests.swift */; };
		C984A81929AA119400D74C52 /* SherpaOnnx.swift in Sources */ = {isa = PBXBuildFile; fileRef = C984A81829AA119400D74C52 /* SherpaOnnx.swift */; };
		C984A82829AA196100D74C52 /* Main.storyboard in Resources */ = {isa = PBXBuildFile; fileRef = C984A82629AA196100D74C52 /* Main.storyboard */; };
		C984A82A29AA19AC00D74C52 /* Model.swift in Sources */ = {isa = PBXBuildFile; fileRef = C984A82929AA19AC00D74C52 /* Model.swift */; };
		C984A83C29AA430B00D74C52 /* ViewController.swift in Sources */ = {isa = PBXBuildFile; fileRef = C984A83B29AA430B00D74C52 /* ViewController.swift */; };
		C9AC22172BB50165008B65E2 /* onnxruntime.xcframework in Frameworks */ = {isa = PBXBuildFile; fileRef = C9AC22162BB50165008B65E2 /* onnxruntime.xcframework */; };
/* End PBXBuildFile section */

/* Begin PBXContainerItemProxy section */
		C984A7FB29A9EEBA00D74C52 /* PBXContainerItemProxy */ = {
			isa = PBXContainerItemProxy;
			containerPortal = C984A7DC29A9EEB700D74C52 /* Project object */;
			proxyType = 1;
			remoteGlobalIDString = C984A7E329A9EEB700D74C52;
			remoteInfo = SherpaOnnx;
		};
		C984A80529A9EEBA00D74C52 /* PBXContainerItemProxy */ = {
			isa = PBXContainerItemProxy;
			containerPortal = C984A7DC29A9EEB700D74C52 /* Project object */;
			proxyType = 1;
			remoteGlobalIDString = C984A7E329A9EEB700D74C52;
			remoteInfo = SherpaOnnx;
		};
/* End PBXContainerItemProxy section */

/* Begin PBXFileReference section */
		1B943597515282774151A2A5 /* Pods-SherpaOnnx.release.xcconfig */ = {isa = PBXFileReference; includeInIndex = 1; lastKnownFileType = text.xcconfig; name = "Pods-SherpaOnnx.release.xcconfig"; path = "Target Support Files/Pods-SherpaOnnx/Pods-SherpaOnnx.release.xcconfig"; sourceTree = "<group>"; };
		44A4DC5EBA03A88ACC73FBF1 /* Pods-SherpaOnnx-SherpaOnnxUITests.release.xcconfig */ = {isa = PBXFileReference; includeInIndex = 1; lastKnownFileType = text.xcconfig; name = "Pods-SherpaOnnx-SherpaOnnxUITests.release.xcconfig"; path = "Target Support Files/Pods-SherpaOnnx-SherpaOnnxUITests/Pods-SherpaOnnx-SherpaOnnxUITests.release.xcconfig"; sourceTree = "<group>"; };
		517D66377A4B0B0B8699CE83 /* Pods-SherpaOnnxTests.debug.xcconfig */ = {isa = PBXFileReference; includeInIndex = 1; lastKnownFileType = text.xcconfig; name = "Pods-SherpaOnnxTests.debug.xcconfig"; path = "Target Support Files/Pods-SherpaOnnxTests/Pods-SherpaOnnxTests.debug.xcconfig"; sourceTree = "<group>"; };
		71A49E1C5BEE1F85264139C3 /* Pods-SherpaOnnx.debug.xcconfig */ = {isa = PBXFileReference; includeInIndex = 1; lastKnownFileType = text.xcconfig; name = "Pods-SherpaOnnx.debug.xcconfig"; path = "Target Support Files/Pods-SherpaOnnx/Pods-SherpaOnnx.debug.xcconfig"; sourceTree = "<group>"; };
		74617BBE4BEF2F4FF0EA044A /* Pods-SherpaOnnxTests.release.xcconfig */ = {isa = PBXFileReference; includeInIndex = 1; lastKnownFileType = text.xcconfig; name = "Pods-SherpaOnnxTests.release.xcconfig"; path = "Target Support Files/Pods-SherpaOnnxTests/Pods-SherpaOnnxTests.release.xcconfig"; sourceTree = "<group>"; };
		A021718911F12E3F65192D5F /* Pods_SherpaOnnx_SherpaOnnxUITests.framework */ = {isa = PBXFileReference; explicitFileType = wrapper.framework; includeInIndex = 0; path = Pods_SherpaOnnx_SherpaOnnxUITests.framework; sourceTree = BUILT_PRODUCTS_DIR; };
		A7619A57FF4A4F44D20DBEB6 /* Pods_SherpaOnnxTests.framework */ = {isa = PBXFileReference; explicitFileType = wrapper.framework; includeInIndex = 0; path = Pods_SherpaOnnxTests.framework; sourceTree = BUILT_PRODUCTS_DIR; };
		B7046FA22CBE431F0061C446 /* speaker-diarization.swift */ = {isa = PBXFileReference; fileEncoding = 4; lastKnownFileType = sourcecode.swift; name = "speaker-diarization.swift"; path = "../../../swift-api-examples/speaker-diarization.swift"; sourceTree = "<group>"; };
		B7046FA62CBE6A460061C446 /* model-pynonote.int8.onnx */ = {isa = PBXFileReference; lastKnownFileType = file; path = "model-pynonote.int8.onnx"; sourceTree = "<group>"; };
		B7046FA72CBE6A460061C446 /* vad-onnx.py */ = {isa = PBXFileReference; fileEncoding = 4; lastKnownFileType = text.script.python; path = "vad-onnx.py"; sourceTree = "<group>"; };
		B7046FA82CBE6A460061C446 /* speaker-diarization-torch.py */ = {isa = PBXFileReference; fileEncoding = 4; lastKnownFileType = text.script.python; path = "speaker-diarization-torch.py"; sourceTree = "<group>"; };
		B7046FA92CBE6A460061C446 /* vad-torch.py */ = {isa = PBXFileReference; fileEncoding = 4; lastKnownFileType = text.script.python; path = "vad-torch.py"; sourceTree = "<group>"; };
		B7046FAA2CBE6A460061C446 /* run.sh */ = {isa = PBXFileReference; fileEncoding = 4; lastKnownFileType = text.script.sh; path = run.sh; sourceTree = "<group>"; };
		B7046FAB2CBE6A460061C446 /* speaker-diarization-onnx.py */ = {isa = PBXFileReference; fileEncoding = 4; lastKnownFileType = text.script.python; path = "speaker-diarization-onnx.py"; sourceTree = "<group>"; };
		B7046FAC2CBE6A460061C446 /* model-pynonote.onnx */ = {isa = PBXFileReference; lastKnownFileType = file; path = "model-pynonote.onnx"; sourceTree = "<group>"; };
		B7046FAD2CBE6A460061C446 /* show-onnx.py */ = {isa = PBXFileReference; fileEncoding = 4; lastKnownFileType = text.script.python; path = "show-onnx.py"; sourceTree = "<group>"; };
		B7046FAE2CBE6A460061C446 /* export-pyannote-onnx.py */ = {isa = PBXFileReference; fileEncoding = 4; lastKnownFileType = text.script.python; path = "export-pyannote-onnx.py"; sourceTree = "<group>"; };
		B7046FAF2CBE6A460061C446 /* 3dspeaker_speech_eres2net_base_sv_zh-cn_3dspeaker_16k.onnx */ = {isa = PBXFileReference; lastKnownFileType = file; path = "3dspeaker_speech_eres2net_base_sv_zh-cn_3dspeaker_16k.onnx"; sourceTree = "<group>"; };
		B7046FBA2CBE6B1D0061C446 /* 0-four-speakers-zh.wav */ = {isa = PBXFileReference; lastKnownFileType = audio.wav; path = "0-four-speakers-zh.wav"; sourceTree = "<group>"; };
		B7852FA52CA2D3E80059AD63 /* encoder-epoch-99-avg-1.onnx */ = {isa = PBXFileReference; lastKnownFileType = file; path = "encoder-epoch-99-avg-1.onnx"; sourceTree = "<group>"; };
		B7852FA62CA2D3E80059AD63 /* encoder-epoch-99-avg-1.int8.onnx */ = {isa = PBXFileReference; lastKnownFileType = file; path = "encoder-epoch-99-avg-1.int8.onnx"; sourceTree = "<group>"; };
		B7852FA72CA2D3E80059AD63 /* joiner-epoch-99-avg-1.int8.onnx */ = {isa = PBXFileReference; lastKnownFileType = file; path = "joiner-epoch-99-avg-1.int8.onnx"; sourceTree = "<group>"; };
		B7852FA82CA2D3E80059AD63 /* bpe.model */ = {isa = PBXFileReference; lastKnownFileType = file; path = bpe.model; sourceTree = "<group>"; };
		B7852FA92CA2D3E80059AD63 /* tokens.txt */ = {isa = PBXFileReference; fileEncoding = 4; lastKnownFileType = text; path = tokens.txt; sourceTree = "<group>"; };
		B7852FAA2CA2D3E80059AD63 /* decoder-epoch-99-avg-1.onnx */ = {isa = PBXFileReference; lastKnownFileType = file; path = "decoder-epoch-99-avg-1.onnx"; sourceTree = "<group>"; };
		B7852FAB2CA2D3E80059AD63 /* README.md */ = {isa = PBXFileReference; fileEncoding = 4; lastKnownFileType = net.daringfireball.markdown; path = README.md; sourceTree = "<group>"; };
		B7852FAC2CA2D3E80059AD63 /* bpe.vocab */ = {isa = PBXFileReference; fileEncoding = 4; lastKnownFileType = text; path = bpe.vocab; sourceTree = "<group>"; };
		B7852FAD2CA2D3E80059AD63 /* joiner-epoch-99-avg-1.onnx */ = {isa = PBXFileReference; lastKnownFileType = file; path = "joiner-epoch-99-avg-1.onnx"; sourceTree = "<group>"; };
		B7852FAF2CA2D3E80059AD63 /* 8k.wav */ = {isa = PBXFileReference; lastKnownFileType = audio.wav; path = 8k.wav; sourceTree = "<group>"; };
		B7852FB02CA2D3E80059AD63 /* 0.wav */ = {isa = PBXFileReference; lastKnownFileType = audio.wav; path = 0.wav; sourceTree = "<group>"; };
		B7852FB12CA2D3E80059AD63 /* 1.wav */ = {isa = PBXFileReference; lastKnownFileType = audio.wav; path = 1.wav; sourceTree = "<group>"; };
		B7852FB22CA2D3E80059AD63 /* 3.wav */ = {isa = PBXFileReference; lastKnownFileType = audio.wav; path = 3.wav; sourceTree = "<group>"; };
		B7852FB32CA2D3E80059AD63 /* 2.wav */ = {isa = PBXFileReference; lastKnownFileType = audio.wav; path = 2.wav; sourceTree = "<group>"; };
		B7852FB42CA2D3E80059AD63 /* decoder-epoch-99-avg-1.int8.onnx */ = {isa = PBXFileReference; lastKnownFileType = file; path = "decoder-epoch-99-avg-1.int8.onnx"; sourceTree = "<group>"; };
		B7B52B352CBE8388004224B6 /* SherpaOnnx.entitlements */ = {isa = PBXFileReference; lastKnownFileType = text.plist.entitlements; path = SherpaOnnx.entitlements; sourceTree = "<group>"; };
		B7C46FD12CA39A6600DDA4DB /* Prunctuation.swift */ = {isa = PBXFileReference; fileEncoding = 4; lastKnownFileType = sourcecode.swift; path = Prunctuation.swift; sourceTree = "<group>"; };
		B7C46FD22CA39A6600DDA4DB /* SherpaOnnxManager.swift */ = {isa = PBXFileReference; fileEncoding = 4; lastKnownFileType = sourcecode.swift; path = SherpaOnnxManager.swift; sourceTree = "<group>"; };
		B7C46FD62CA39DD200DDA4DB /* Silero.swift */ = {isa = PBXFileReference; fileEncoding = 4; lastKnownFileType = sourcecode.swift; path = Silero.swift; sourceTree = "<group>"; };
		B7C46FD82CA39DD200DDA4DB /* silero_vad.onnx */ = {isa = PBXFileReference; lastKnownFileType = file; path = silero_vad.onnx; sourceTree = "<group>"; };
		B7C46FDC2CA3A1DC00DDA4DB /* model.int8.onnx */ = {isa = PBXFileReference; lastKnownFileType = file; path = model.int8.onnx; sourceTree = "<group>"; };
		B7C46FDE2CA3A1DC00DDA4DB /* sense_tokens.txt */ = {isa = PBXFileReference; fileEncoding = 4; lastKnownFileType = text; path = sense_tokens.txt; sourceTree = "<group>"; };
		B7C46FE02CA3A1DC00DDA4DB /* model.onnx */ = {isa = PBXFileReference; lastKnownFileType = file; path = model.onnx; sourceTree = "<group>"; };
		B7C46FE22CA3A1DC00DDA4DB /* ja.wav */ = {isa = PBXFileReference; lastKnownFileType = audio.wav; path = ja.wav; sourceTree = "<group>"; };
		B7C46FE32CA3A1DC00DDA4DB /* en.wav */ = {isa = PBXFileReference; lastKnownFileType = audio.wav; path = en.wav; sourceTree = "<group>"; };
		B7C46FE42CA3A1DC00DDA4DB /* zh.wav */ = {isa = PBXFileReference; lastKnownFileType = audio.wav; path = zh.wav; sourceTree = "<group>"; };
		B7C46FE52CA3A1DC00DDA4DB /* yue.wav */ = {isa = PBXFileReference; lastKnownFileType = audio.wav; path = yue.wav; sourceTree = "<group>"; };
		B7C46FE62CA3A1DC00DDA4DB /* ko.wav */ = {isa = PBXFileReference; lastKnownFileType = audio.wav; path = ko.wav; sourceTree = "<group>"; };
		B7C46FE72CA3A1DC00DDA4DB /* export-onnx.py */ = {isa = PBXFileReference; fileEncoding = 4; lastKnownFileType = text.script.python; path = "export-onnx.py"; sourceTree = "<group>"; };
		B7CA98D12CBA0B5A007C9A7E /* AudioRecorder.swift */ = {isa = PBXFileReference; lastKnownFileType = sourcecode.swift; path = AudioRecorder.swift; sourceTree = "<group>"; };
		B7E6E3022CBF5DFF00387B74 /* test.wav */ = {isa = PBXFileReference; lastKnownFileType = audio.wav; path = test.wav; sourceTree = "<group>"; };
		C3272197DE93017CD811142D /* Pods-SherpaOnnx-SherpaOnnxUITests.debug.xcconfig */ = {isa = PBXFileReference; includeInIndex = 1; lastKnownFileType = text.xcconfig; name = "Pods-SherpaOnnx-SherpaOnnxUITests.debug.xcconfig"; path = "Target Support Files/Pods-SherpaOnnx-SherpaOnnxUITests/Pods-SherpaOnnx-SherpaOnnxUITests.debug.xcconfig"; sourceTree = "<group>"; };
		C984A7E429A9EEB700D74C52 /* SherpaOnnx.app */ = {isa = PBXFileReference; explicitFileType = wrapper.application; includeInIndex = 0; path = SherpaOnnx.app; sourceTree = BUILT_PRODUCTS_DIR; };
		C984A7E729A9EEB700D74C52 /* AppDelegate.swift */ = {isa = PBXFileReference; lastKnownFileType = sourcecode.swift; path = AppDelegate.swift; sourceTree = "<group>"; };
		C984A7E929A9EEB700D74C52 /* SceneDelegate.swift */ = {isa = PBXFileReference; lastKnownFileType = sourcecode.swift; path = SceneDelegate.swift; sourceTree = "<group>"; };
		C984A7F029A9EEB900D74C52 /* Assets.xcassets */ = {isa = PBXFileReference; lastKnownFileType = folder.assetcatalog; path = Assets.xcassets; sourceTree = "<group>"; };
		C984A7F329A9EEB900D74C52 /* Base */ = {isa = PBXFileReference; lastKnownFileType = file.storyboard; name = Base; path = Base.lproj/LaunchScreen.storyboard; sourceTree = "<group>"; };
		C984A7F529A9EEB900D74C52 /* Info.plist */ = {isa = PBXFileReference; lastKnownFileType = text.plist.xml; path = Info.plist; sourceTree = "<group>"; };
		C984A7FA29A9EEBA00D74C52 /* SherpaOnnxTests.xctest */ = {isa = PBXFileReference; explicitFileType = wrapper.cfbundle; includeInIndex = 0; path = SherpaOnnxTests.xctest; sourceTree = BUILT_PRODUCTS_DIR; };
		C984A7FE29A9EEBA00D74C52 /* SherpaOnnxTests.swift */ = {isa = PBXFileReference; lastKnownFileType = sourcecode.swift; path = SherpaOnnxTests.swift; sourceTree = "<group>"; };
		C984A80429A9EEBA00D74C52 /* SherpaOnnxUITests.xctest */ = {isa = PBXFileReference; explicitFileType = wrapper.cfbundle; includeInIndex = 0; path = SherpaOnnxUITests.xctest; sourceTree = BUILT_PRODUCTS_DIR; };
		C984A80829A9EEBA00D74C52 /* SherpaOnnxUITests.swift */ = {isa = PBXFileReference; lastKnownFileType = sourcecode.swift; path = SherpaOnnxUITests.swift; sourceTree = "<group>"; };
		C984A80A29A9EEBA00D74C52 /* SherpaOnnxUITestsLaunchTests.swift */ = {isa = PBXFileReference; lastKnownFileType = sourcecode.swift; path = SherpaOnnxUITestsLaunchTests.swift; sourceTree = "<group>"; };
		C984A81729A9F51B00D74C52 /* SherpaOnnx-Bridging-Header.h */ = {isa = PBXFileReference; fileEncoding = 4; lastKnownFileType = sourcecode.c.h; name = "SherpaOnnx-Bridging-Header.h"; path = "../../../swift-api-examples/SherpaOnnx-Bridging-Header.h"; sourceTree = "<group>"; };
		C984A81829AA119400D74C52 /* SherpaOnnx.swift */ = {isa = PBXFileReference; fileEncoding = 4; lastKnownFileType = sourcecode.swift; name = SherpaOnnx.swift; path = "../../../swift-api-examples/SherpaOnnx.swift"; sourceTree = "<group>"; };
		C984A81B29AA11C500D74C52 /* sherpa-onnx.xcframework */ = {isa = PBXFileReference; lastKnownFileType = wrapper.xcframework; name = "sherpa-onnx.xcframework"; path = "../../build-ios/sherpa-onnx.xcframework"; sourceTree = "<group>"; };
		C984A82729AA196100D74C52 /* Base */ = {isa = PBXFileReference; lastKnownFileType = file.storyboard; name = Base; path = Base.lproj/Main.storyboard; sourceTree = "<group>"; };
		C984A82929AA19AC00D74C52 /* Model.swift */ = {isa = PBXFileReference; fileEncoding = 4; lastKnownFileType = sourcecode.swift; path = Model.swift; sourceTree = "<group>"; };
		C984A83B29AA430B00D74C52 /* ViewController.swift */ = {isa = PBXFileReference; fileEncoding = 4; lastKnownFileType = sourcecode.swift; path = ViewController.swift; sourceTree = "<group>"; };
		C9AC22162BB50165008B65E2 /* onnxruntime.xcframework */ = {isa = PBXFileReference; lastKnownFileType = wrapper.xcframework; name = onnxruntime.xcframework; path = "../../build-ios/ios-onnxruntime/1.17.1/onnxruntime.xcframework"; sourceTree = "<group>"; };
		FFE6BA4DF44F7FE73F816604 /* Pods_SherpaOnnx.framework */ = {isa = PBXFileReference; explicitFileType = wrapper.framework; includeInIndex = 0; path = Pods_SherpaOnnx.framework; sourceTree = BUILT_PRODUCTS_DIR; };
/* End PBXFileReference section */

/* Begin PBXFrameworksBuildPhase section */
		C984A7E129A9EEB700D74C52 /* Frameworks */ = {
			isa = PBXFrameworksBuildPhase;
			buildActionMask = 2147483647;
			files = (
				C9AC22172BB50165008B65E2 /* onnxruntime.xcframework in Frameworks */,
				C93989AE2A89FE13009AB859 /* sherpa-onnx.xcframework in Frameworks */,
				49C5A16B83F3BEC1557EBABC /* Pods_SherpaOnnx.framework in Frameworks */,
			);
			runOnlyForDeploymentPostprocessing = 0;
		};
		C984A7F729A9EEBA00D74C52 /* Frameworks */ = {
			isa = PBXFrameworksBuildPhase;
			buildActionMask = 2147483647;
			files = (
				1605D0E343DEE556389119E5 /* Pods_SherpaOnnxTests.framework in Frameworks */,
			);
			runOnlyForDeploymentPostprocessing = 0;
		};
		C984A80129A9EEBA00D74C52 /* Frameworks */ = {
			isa = PBXFrameworksBuildPhase;
			buildActionMask = 2147483647;
			files = (
				97001E341F7235776BCE6961 /* Pods_SherpaOnnx_SherpaOnnxUITests.framework in Frameworks */,
			);
			runOnlyForDeploymentPostprocessing = 0;
		};
/* End PBXFrameworksBuildPhase section */

/* Begin PBXGroup section */
		B7046FA42CBE56FA0061C446 /* SpeakerDiarization */ = {
			isa = PBXGroup;
			children = (
				B7046FBA2CBE6B1D0061C446 /* 0-four-speakers-zh.wav */,
				B7E6E3022CBF5DFF00387B74 /* test.wav */,
				B7046FAF2CBE6A460061C446 /* 3dspeaker_speech_eres2net_base_sv_zh-cn_3dspeaker_16k.onnx */,
				B7046FA52CBE6A460061C446 /* sherpa-onnx-pyannote-segmentation-3-0 */,
			);
			path = SpeakerDiarization;
			sourceTree = "<group>";
		};
		B7046FA52CBE6A460061C446 /* sherpa-onnx-pyannote-segmentation-3-0 */ = {
			isa = PBXGroup;
			children = (
				B7046FA62CBE6A460061C446 /* model-pynonote.int8.onnx */,
				B7046FA72CBE6A460061C446 /* vad-onnx.py */,
				B7046FA82CBE6A460061C446 /* speaker-diarization-torch.py */,
				B7046FA92CBE6A460061C446 /* vad-torch.py */,
				B7046FAA2CBE6A460061C446 /* run.sh */,
				B7046FAB2CBE6A460061C446 /* speaker-diarization-onnx.py */,
				B7046FAC2CBE6A460061C446 /* model-pynonote.onnx */,
				B7046FAD2CBE6A460061C446 /* show-onnx.py */,
				B7046FAE2CBE6A460061C446 /* export-pyannote-onnx.py */,
			);
			path = "sherpa-onnx-pyannote-segmentation-3-0";
			sourceTree = "<group>";
		};
		B7852FA42CA2D3E80059AD63 /* sherpa-onnx-streaming-zipformer-bilingual-zh-en-2023-02-20 */ = {
			isa = PBXGroup;
			children = (
				B7852FA52CA2D3E80059AD63 /* encoder-epoch-99-avg-1.onnx */,
				B7852FA62CA2D3E80059AD63 /* encoder-epoch-99-avg-1.int8.onnx */,
				B7852FA72CA2D3E80059AD63 /* joiner-epoch-99-avg-1.int8.onnx */,
				B7852FA82CA2D3E80059AD63 /* bpe.model */,
				B7852FA92CA2D3E80059AD63 /* tokens.txt */,
				B7852FAA2CA2D3E80059AD63 /* decoder-epoch-99-avg-1.onnx */,
				B7852FAB2CA2D3E80059AD63 /* README.md */,
				B7852FAC2CA2D3E80059AD63 /* bpe.vocab */,
				B7852FAD2CA2D3E80059AD63 /* joiner-epoch-99-avg-1.onnx */,
				B7852FAE2CA2D3E80059AD63 /* test_wavs */,
				B7852FB42CA2D3E80059AD63 /* decoder-epoch-99-avg-1.int8.onnx */,
			);
			path = "sherpa-onnx-streaming-zipformer-bilingual-zh-en-2023-02-20";
			sourceTree = "<group>";
		};
		B7852FAE2CA2D3E80059AD63 /* test_wavs */ = {
			isa = PBXGroup;
			children = (
				B7852FAF2CA2D3E80059AD63 /* 8k.wav */,
				B7852FB02CA2D3E80059AD63 /* 0.wav */,
				B7852FB12CA2D3E80059AD63 /* 1.wav */,
				B7852FB22CA2D3E80059AD63 /* 3.wav */,
				B7852FB32CA2D3E80059AD63 /* 2.wav */,
			);
			path = test_wavs;
			sourceTree = "<group>";
		};
		B7C46FD52CA39DD200DDA4DB /* Sliero */ = {
			isa = PBXGroup;
			children = (
				B7C46FD62CA39DD200DDA4DB /* Silero.swift */,
				B7C46FD72CA39DD200DDA4DB /* models */,
			);
			path = Sliero;
			sourceTree = "<group>";
		};
		B7C46FD72CA39DD200DDA4DB /* models */ = {
			isa = PBXGroup;
			children = (
				B7C46FD82CA39DD200DDA4DB /* silero_vad.onnx */,
			);
			path = models;
			sourceTree = "<group>";
		};
		B7C46FDB2CA3A1DC00DDA4DB /* sherpa-onnx-sense-voice-zh-en-ja-ko-yue-2024-07-17 */ = {
			isa = PBXGroup;
			children = (
				B7C46FDC2CA3A1DC00DDA4DB /* model.int8.onnx */,
				B7C46FDE2CA3A1DC00DDA4DB /* sense_tokens.txt */,
				B7C46FE02CA3A1DC00DDA4DB /* model.onnx */,
				B7C46FE12CA3A1DC00DDA4DB /* test_wavs */,
				B7C46FE72CA3A1DC00DDA4DB /* export-onnx.py */,
			);
			path = "sherpa-onnx-sense-voice-zh-en-ja-ko-yue-2024-07-17";
			sourceTree = "<group>";
		};
		B7C46FE12CA3A1DC00DDA4DB /* test_wavs */ = {
			isa = PBXGroup;
			children = (
				B7C46FE22CA3A1DC00DDA4DB /* ja.wav */,
				B7C46FE32CA3A1DC00DDA4DB /* en.wav */,
				B7C46FE42CA3A1DC00DDA4DB /* zh.wav */,
				B7C46FE52CA3A1DC00DDA4DB /* yue.wav */,
				B7C46FE62CA3A1DC00DDA4DB /* ko.wav */,
			);
			path = test_wavs;
			sourceTree = "<group>";
		};
		C982FAAED1553815806A2BA5 /* Pods */ = {
			isa = PBXGroup;
			children = (
				71A49E1C5BEE1F85264139C3 /* Pods-SherpaOnnx.debug.xcconfig */,
				1B943597515282774151A2A5 /* Pods-SherpaOnnx.release.xcconfig */,
				C3272197DE93017CD811142D /* Pods-SherpaOnnx-SherpaOnnxUITests.debug.xcconfig */,
				44A4DC5EBA03A88ACC73FBF1 /* Pods-SherpaOnnx-SherpaOnnxUITests.release.xcconfig */,
				517D66377A4B0B0B8699CE83 /* Pods-SherpaOnnxTests.debug.xcconfig */,
				74617BBE4BEF2F4FF0EA044A /* Pods-SherpaOnnxTests.release.xcconfig */,
			);
			path = Pods;
			sourceTree = "<group>";
		};
		C984A7DB29A9EEB700D74C52 = {
			isa = PBXGroup;
			children = (
				C984A7E629A9EEB700D74C52 /* SherpaOnnx */,
				C984A7FD29A9EEBA00D74C52 /* SherpaOnnxTests */,
				C984A80729A9EEBA00D74C52 /* SherpaOnnxUITests */,
				C984A7E529A9EEB700D74C52 /* Products */,
				C984A81A29AA11C500D74C52 /* Frameworks */,
				C982FAAED1553815806A2BA5 /* Pods */,
			);
			sourceTree = "<group>";
		};
		C984A7E529A9EEB700D74C52 /* Products */ = {
			isa = PBXGroup;
			children = (
				C984A7E429A9EEB700D74C52 /* SherpaOnnx.app */,
				C984A7FA29A9EEBA00D74C52 /* SherpaOnnxTests.xctest */,
				C984A80429A9EEBA00D74C52 /* SherpaOnnxUITests.xctest */,
			);
			name = Products;
			sourceTree = "<group>";
		};
		C984A7E629A9EEB700D74C52 /* SherpaOnnx */ = {
			isa = PBXGroup;
			children = (
				B7B52B352CBE8388004224B6 /* SherpaOnnx.entitlements */,
				B7046FA42CBE56FA0061C446 /* SpeakerDiarization */,
				B7C46FD52CA39DD200DDA4DB /* Sliero */,
				B7852FA42CA2D3E80059AD63 /* sherpa-onnx-streaming-zipformer-bilingual-zh-en-2023-02-20 */,
				C984A83B29AA430B00D74C52 /* ViewController.swift */,
				B7C46FDB2CA3A1DC00DDA4DB /* sherpa-onnx-sense-voice-zh-en-ja-ko-yue-2024-07-17 */,
				C984A82929AA19AC00D74C52 /* Model.swift */,
				B7C46FD12CA39A6600DDA4DB /* Prunctuation.swift */,
				B7C46FD22CA39A6600DDA4DB /* SherpaOnnxManager.swift */,
				C984A81829AA119400D74C52 /* SherpaOnnx.swift */,
				B7046FA22CBE431F0061C446 /* speaker-diarization.swift */,
				B7CA98D12CBA0B5A007C9A7E /* AudioRecorder.swift */,
				C984A81729A9F51B00D74C52 /* SherpaOnnx-Bridging-Header.h */,
				C984A7E729A9EEB700D74C52 /* AppDelegate.swift */,
				C984A7E929A9EEB700D74C52 /* SceneDelegate.swift */,
				C984A82629AA196100D74C52 /* Main.storyboard */,
				C984A7F029A9EEB900D74C52 /* Assets.xcassets */,
				C984A7F229A9EEB900D74C52 /* LaunchScreen.storyboard */,
				C984A7F529A9EEB900D74C52 /* Info.plist */,
			);
			path = SherpaOnnx;
			sourceTree = "<group>";
		};
		C984A7FD29A9EEBA00D74C52 /* SherpaOnnxTests */ = {
			isa = PBXGroup;
			children = (
				C984A7FE29A9EEBA00D74C52 /* SherpaOnnxTests.swift */,
			);
			path = SherpaOnnxTests;
			sourceTree = "<group>";
		};
		C984A80729A9EEBA00D74C52 /* SherpaOnnxUITests */ = {
			isa = PBXGroup;
			children = (
				C984A80829A9EEBA00D74C52 /* SherpaOnnxUITests.swift */,
				C984A80A29A9EEBA00D74C52 /* SherpaOnnxUITestsLaunchTests.swift */,
			);
			path = SherpaOnnxUITests;
			sourceTree = "<group>";
		};
		C984A81A29AA11C500D74C52 /* Frameworks */ = {
			isa = PBXGroup;
			children = (
				C9AC22162BB50165008B65E2 /* onnxruntime.xcframework */,
				C984A81B29AA11C500D74C52 /* sherpa-onnx.xcframework */,
				FFE6BA4DF44F7FE73F816604 /* Pods_SherpaOnnx.framework */,
				A021718911F12E3F65192D5F /* Pods_SherpaOnnx_SherpaOnnxUITests.framework */,
				A7619A57FF4A4F44D20DBEB6 /* Pods_SherpaOnnxTests.framework */,
			);
			name = Frameworks;
			sourceTree = "<group>";
		};
/* End PBXGroup section */

/* Begin PBXNativeTarget section */
		C984A7E329A9EEB700D74C52 /* SherpaOnnx */ = {
			isa = PBXNativeTarget;
			buildConfigurationList = C984A80E29A9EEBA00D74C52 /* Build configuration list for PBXNativeTarget "SherpaOnnx" */;
			buildPhases = (
				DC2C1E1301A5B68A0724123F /* [CP] Check Pods Manifest.lock */,
				C984A7E029A9EEB700D74C52 /* Sources */,
				C984A7E129A9EEB700D74C52 /* Frameworks */,
				C984A7E229A9EEB700D74C52 /* Resources */,
				7F28190401B75F59CA980166 /* [CP] Embed Pods Frameworks */,
			);
			buildRules = (
			);
			dependencies = (
			);
			name = SherpaOnnx;
			productName = SherpaOnnx;
			productReference = C984A7E429A9EEB700D74C52 /* SherpaOnnx.app */;
			productType = "com.apple.product-type.application";
		};
		C984A7F929A9EEBA00D74C52 /* SherpaOnnxTests */ = {
			isa = PBXNativeTarget;
			buildConfigurationList = C984A81129A9EEBA00D74C52 /* Build configuration list for PBXNativeTarget "SherpaOnnxTests" */;
			buildPhases = (
				BFFFDDA49810C9970484B27D /* [CP] Check Pods Manifest.lock */,
				C984A7F629A9EEBA00D74C52 /* Sources */,
				C984A7F729A9EEBA00D74C52 /* Frameworks */,
				C984A7F829A9EEBA00D74C52 /* Resources */,
			);
			buildRules = (
			);
			dependencies = (
				C984A7FC29A9EEBA00D74C52 /* PBXTargetDependency */,
			);
			name = SherpaOnnxTests;
			productName = SherpaOnnxTests;
			productReference = C984A7FA29A9EEBA00D74C52 /* SherpaOnnxTests.xctest */;
			productType = "com.apple.product-type.bundle.unit-test";
		};
		C984A80329A9EEBA00D74C52 /* SherpaOnnxUITests */ = {
			isa = PBXNativeTarget;
			buildConfigurationList = C984A81429A9EEBA00D74C52 /* Build configuration list for PBXNativeTarget "SherpaOnnxUITests" */;
			buildPhases = (
				361B36E8E85B61C9589ED820 /* [CP] Check Pods Manifest.lock */,
				C984A80029A9EEBA00D74C52 /* Sources */,
				C984A80129A9EEBA00D74C52 /* Frameworks */,
				C984A80229A9EEBA00D74C52 /* Resources */,
				20283359B7C11965F70377E1 /* [CP] Embed Pods Frameworks */,
			);
			buildRules = (
			);
			dependencies = (
				C984A80629A9EEBA00D74C52 /* PBXTargetDependency */,
			);
			name = SherpaOnnxUITests;
			productName = SherpaOnnxUITests;
			productReference = C984A80429A9EEBA00D74C52 /* SherpaOnnxUITests.xctest */;
			productType = "com.apple.product-type.bundle.ui-testing";
		};
/* End PBXNativeTarget section */

/* Begin PBXProject section */
		C984A7DC29A9EEB700D74C52 /* Project object */ = {
			isa = PBXProject;
			attributes = {
				BuildIndependentTargetsInParallel = 1;
				LastSwiftUpdateCheck = 1420;
				LastUpgradeCheck = 1420;
				TargetAttributes = {
					C984A7E329A9EEB700D74C52 = {
						CreatedOnToolsVersion = 14.2;
					};
					C984A7F929A9EEBA00D74C52 = {
						CreatedOnToolsVersion = 14.2;
						TestTargetID = C984A7E329A9EEB700D74C52;
					};
					C984A80329A9EEBA00D74C52 = {
						CreatedOnToolsVersion = 14.2;
						TestTargetID = C984A7E329A9EEB700D74C52;
					};
				};
			};
			buildConfigurationList = C984A7DF29A9EEB700D74C52 /* Build configuration list for PBXProject "SherpaOnnx" */;
			compatibilityVersion = "Xcode 14.0";
			developmentRegion = en;
			hasScannedForEncodings = 0;
			knownRegions = (
				en,
				Base,
			);
			mainGroup = C984A7DB29A9EEB700D74C52;
			productRefGroup = C984A7E529A9EEB700D74C52 /* Products */;
			projectDirPath = "";
			projectRoot = "";
			targets = (
				C984A7E329A9EEB700D74C52 /* SherpaOnnx */,
				C984A7F929A9EEBA00D74C52 /* SherpaOnnxTests */,
				C984A80329A9EEBA00D74C52 /* SherpaOnnxUITests */,
			);
		};
/* End PBXProject section */

/* Begin PBXResourcesBuildPhase section */
		C984A7E229A9EEB700D74C52 /* Resources */ = {
			isa = PBXResourcesBuildPhase;
			buildActionMask = 2147483647;
			files = (
				B7C46FED2CA3A1DC00DDA4DB /* ja.wav in Resources */,
				B7852FC02CA2D3E80059AD63 /* 1.wav in Resources */,
				B7852FBE2CA2D3E80059AD63 /* 8k.wav in Resources */,
				B7046FB42CBE6A460061C446 /* run.sh in Resources */,
				B7046FB82CBE6A460061C446 /* export-pyannote-onnx.py in Resources */,
				B7046FB72CBE6A460061C446 /* show-onnx.py in Resources */,
				B7852FC32CA2D3E80059AD63 /* decoder-epoch-99-avg-1.int8.onnx in Resources */,
				B7C46FEF2CA3A1DC00DDA4DB /* zh.wav in Resources */,
				B7C46FEA2CA3A1DC00DDA4DB /* sense_tokens.txt in Resources */,
				B7852FC22CA2D3E80059AD63 /* 2.wav in Resources */,
				B7C46FDA2CA39DD200DDA4DB /* silero_vad.onnx in Resources */,
				B7852FB52CA2D3E80059AD63 /* encoder-epoch-99-avg-1.onnx in Resources */,
				B7852FB82CA2D3E80059AD63 /* bpe.model in Resources */,
				B7852FC12CA2D3E80059AD63 /* 3.wav in Resources */,
				B7046FB62CBE6A460061C446 /* model-pynonote.onnx in Resources */,
				B7046FB32CBE6A460061C446 /* vad-torch.py in Resources */,
				B7852FBB2CA2D3E80059AD63 /* README.md in Resources */,
				B7C46FEE2CA3A1DC00DDA4DB /* en.wav in Resources */,
				B7C46FEC2CA3A1DC00DDA4DB /* model.onnx in Resources */,
				C984A82829AA196100D74C52 /* Main.storyboard in Resources */,
				B7E6E3032CBF5DFF00387B74 /* test.wav in Resources */,
				B7852FBF2CA2D3E80059AD63 /* 0.wav in Resources */,
				B7C46FF02CA3A1DC00DDA4DB /* yue.wav in Resources */,
				B7852FB72CA2D3E80059AD63 /* joiner-epoch-99-avg-1.int8.onnx in Resources */,
				B7852FBA2CA2D3E80059AD63 /* decoder-epoch-99-avg-1.onnx in Resources */,
				B7046FB02CBE6A460061C446 /* model-pynonote.int8.onnx in Resources */,
				B7852FBD2CA2D3E80059AD63 /* joiner-epoch-99-avg-1.onnx in Resources */,
				B7C46FF12CA3A1DC00DDA4DB /* ko.wav in Resources */,
				B7C46FE82CA3A1DC00DDA4DB /* model.int8.onnx in Resources */,
				B7046FBB2CBE6B1D0061C446 /* 0-four-speakers-zh.wav in Resources */,
				B7046FB92CBE6A460061C446 /* 3dspeaker_speech_eres2net_base_sv_zh-cn_3dspeaker_16k.onnx in Resources */,
				B7852FB92CA2D3E80059AD63 /* tokens.txt in Resources */,
				B7852FBC2CA2D3E80059AD63 /* bpe.vocab in Resources */,
				B7046FB22CBE6A460061C446 /* speaker-diarization-torch.py in Resources */,
				B7046FB52CBE6A460061C446 /* speaker-diarization-onnx.py in Resources */,
				C984A7F429A9EEB900D74C52 /* LaunchScreen.storyboard in Resources */,
				B7852FB62CA2D3E80059AD63 /* encoder-epoch-99-avg-1.int8.onnx in Resources */,
				B7046FB12CBE6A460061C446 /* vad-onnx.py in Resources */,
				C984A7F129A9EEB900D74C52 /* Assets.xcassets in Resources */,
				B7C46FF22CA3A1DC00DDA4DB /* export-onnx.py in Resources */,
			);
			runOnlyForDeploymentPostprocessing = 0;
		};
		C984A7F829A9EEBA00D74C52 /* Resources */ = {
			isa = PBXResourcesBuildPhase;
			buildActionMask = 2147483647;
			files = (
			);
			runOnlyForDeploymentPostprocessing = 0;
		};
		C984A80229A9EEBA00D74C52 /* Resources */ = {
			isa = PBXResourcesBuildPhase;
			buildActionMask = 2147483647;
			files = (
			);
			runOnlyForDeploymentPostprocessing = 0;
		};
/* End PBXResourcesBuildPhase section */

/* Begin PBXShellScriptBuildPhase section */
		20283359B7C11965F70377E1 /* [CP] Embed Pods Frameworks */ = {
			isa = PBXShellScriptBuildPhase;
			buildActionMask = 2147483647;
			files = (
			);
			inputFileListPaths = (
				"${PODS_ROOT}/Target Support Files/Pods-SherpaOnnx-SherpaOnnxUITests/Pods-SherpaOnnx-SherpaOnnxUITests-frameworks-${CONFIGURATION}-input-files.xcfilelist",
			);
			name = "[CP] Embed Pods Frameworks";
			outputFileListPaths = (
				"${PODS_ROOT}/Target Support Files/Pods-SherpaOnnx-SherpaOnnxUITests/Pods-SherpaOnnx-SherpaOnnxUITests-frameworks-${CONFIGURATION}-output-files.xcfilelist",
			);
			runOnlyForDeploymentPostprocessing = 0;
			shellPath = /bin/sh;
			shellScript = "\"${PODS_ROOT}/Target Support Files/Pods-SherpaOnnx-SherpaOnnxUITests/Pods-SherpaOnnx-SherpaOnnxUITests-frameworks.sh\"\n";
			showEnvVarsInLog = 0;
		};
		361B36E8E85B61C9589ED820 /* [CP] Check Pods Manifest.lock */ = {
			isa = PBXShellScriptBuildPhase;
			buildActionMask = 2147483647;
			files = (
			);
			inputFileListPaths = (
			);
			inputPaths = (
				"${PODS_PODFILE_DIR_PATH}/Podfile.lock",
				"${PODS_ROOT}/Manifest.lock",
			);
			name = "[CP] Check Pods Manifest.lock";
			outputFileListPaths = (
			);
			outputPaths = (
				"$(DERIVED_FILE_DIR)/Pods-SherpaOnnx-SherpaOnnxUITests-checkManifestLockResult.txt",
			);
			runOnlyForDeploymentPostprocessing = 0;
			shellPath = /bin/sh;
			shellScript = "diff \"${PODS_PODFILE_DIR_PATH}/Podfile.lock\" \"${PODS_ROOT}/Manifest.lock\" > /dev/null\nif [ $? != 0 ] ; then\n    # print error to STDERR\n    echo \"error: The sandbox is not in sync with the Podfile.lock. Run 'pod install' or update your CocoaPods installation.\" >&2\n    exit 1\nfi\n# This output is used by Xcode 'outputs' to avoid re-running this script phase.\necho \"SUCCESS\" > \"${SCRIPT_OUTPUT_FILE_0}\"\n";
			showEnvVarsInLog = 0;
		};
		7F28190401B75F59CA980166 /* [CP] Embed Pods Frameworks */ = {
			isa = PBXShellScriptBuildPhase;
			buildActionMask = 2147483647;
			files = (
			);
			inputFileListPaths = (
				"${PODS_ROOT}/Target Support Files/Pods-SherpaOnnx/Pods-SherpaOnnx-frameworks-${CONFIGURATION}-input-files.xcfilelist",
			);
			name = "[CP] Embed Pods Frameworks";
			outputFileListPaths = (
				"${PODS_ROOT}/Target Support Files/Pods-SherpaOnnx/Pods-SherpaOnnx-frameworks-${CONFIGURATION}-output-files.xcfilelist",
			);
			runOnlyForDeploymentPostprocessing = 0;
			shellPath = /bin/sh;
			shellScript = "\"${PODS_ROOT}/Target Support Files/Pods-SherpaOnnx/Pods-SherpaOnnx-frameworks.sh\"\n";
			showEnvVarsInLog = 0;
		};
		BFFFDDA49810C9970484B27D /* [CP] Check Pods Manifest.lock */ = {
			isa = PBXShellScriptBuildPhase;
			buildActionMask = 2147483647;
			files = (
			);
			inputFileListPaths = (
			);
			inputPaths = (
				"${PODS_PODFILE_DIR_PATH}/Podfile.lock",
				"${PODS_ROOT}/Manifest.lock",
			);
			name = "[CP] Check Pods Manifest.lock";
			outputFileListPaths = (
			);
			outputPaths = (
				"$(DERIVED_FILE_DIR)/Pods-SherpaOnnxTests-checkManifestLockResult.txt",
			);
			runOnlyForDeploymentPostprocessing = 0;
			shellPath = /bin/sh;
			shellScript = "diff \"${PODS_PODFILE_DIR_PATH}/Podfile.lock\" \"${PODS_ROOT}/Manifest.lock\" > /dev/null\nif [ $? != 0 ] ; then\n    # print error to STDERR\n    echo \"error: The sandbox is not in sync with the Podfile.lock. Run 'pod install' or update your CocoaPods installation.\" >&2\n    exit 1\nfi\n# This output is used by Xcode 'outputs' to avoid re-running this script phase.\necho \"SUCCESS\" > \"${SCRIPT_OUTPUT_FILE_0}\"\n";
			showEnvVarsInLog = 0;
		};
		DC2C1E1301A5B68A0724123F /* [CP] Check Pods Manifest.lock */ = {
			isa = PBXShellScriptBuildPhase;
			buildActionMask = 2147483647;
			files = (
			);
			inputFileListPaths = (
			);
			inputPaths = (
				"${PODS_PODFILE_DIR_PATH}/Podfile.lock",
				"${PODS_ROOT}/Manifest.lock",
			);
			name = "[CP] Check Pods Manifest.lock";
			outputFileListPaths = (
			);
			outputPaths = (
				"$(DERIVED_FILE_DIR)/Pods-SherpaOnnx-checkManifestLockResult.txt",
			);
			runOnlyForDeploymentPostprocessing = 0;
			shellPath = /bin/sh;
			shellScript = "diff \"${PODS_PODFILE_DIR_PATH}/Podfile.lock\" \"${PODS_ROOT}/Manifest.lock\" > /dev/null\nif [ $? != 0 ] ; then\n    # print error to STDERR\n    echo \"error: The sandbox is not in sync with the Podfile.lock. Run 'pod install' or update your CocoaPods installation.\" >&2\n    exit 1\nfi\n# This output is used by Xcode 'outputs' to avoid re-running this script phase.\necho \"SUCCESS\" > \"${SCRIPT_OUTPUT_FILE_0}\"\n";
			showEnvVarsInLog = 0;
		};
/* End PBXShellScriptBuildPhase section */

/* Begin PBXSourcesBuildPhase section */
		C984A7E029A9EEB700D74C52 /* Sources */ = {
			isa = PBXSourcesBuildPhase;
			buildActionMask = 2147483647;
			files = (
				B7CA98D22CBA0B5A007C9A7E /* AudioRecorder.swift in Sources */,
				C984A83C29AA430B00D74C52 /* ViewController.swift in Sources */,
				B7C46FD42CA39A6600DDA4DB /* SherpaOnnxManager.swift in Sources */,
				B7C46FD32CA39A6600DDA4DB /* Prunctuation.swift in Sources */,
				B7046FA32CBE431F0061C446 /* speaker-diarization.swift in Sources */,
				C984A82A29AA19AC00D74C52 /* Model.swift in Sources */,
				C984A81929AA119400D74C52 /* SherpaOnnx.swift in Sources */,
				B7C46FD92CA39DD200DDA4DB /* Silero.swift in Sources */,
				C984A7E829A9EEB700D74C52 /* AppDelegate.swift in Sources */,
				C984A7EA29A9EEB700D74C52 /* SceneDelegate.swift in Sources */,
			);
			runOnlyForDeploymentPostprocessing = 0;
		};
		C984A7F629A9EEBA00D74C52 /* Sources */ = {
			isa = PBXSourcesBuildPhase;
			buildActionMask = 2147483647;
			files = (
				C984A7FF29A9EEBA00D74C52 /* SherpaOnnxTests.swift in Sources */,
			);
			runOnlyForDeploymentPostprocessing = 0;
		};
		C984A80029A9EEBA00D74C52 /* Sources */ = {
			isa = PBXSourcesBuildPhase;
			buildActionMask = 2147483647;
			files = (
				C984A80B29A9EEBA00D74C52 /* SherpaOnnxUITestsLaunchTests.swift in Sources */,
				C984A80929A9EEBA00D74C52 /* SherpaOnnxUITests.swift in Sources */,
			);
			runOnlyForDeploymentPostprocessing = 0;
		};
/* End PBXSourcesBuildPhase section */

/* Begin PBXTargetDependency section */
		C984A7FC29A9EEBA00D74C52 /* PBXTargetDependency */ = {
			isa = PBXTargetDependency;
			target = C984A7E329A9EEB700D74C52 /* SherpaOnnx */;
			targetProxy = C984A7FB29A9EEBA00D74C52 /* PBXContainerItemProxy */;
		};
		C984A80629A9EEBA00D74C52 /* PBXTargetDependency */ = {
			isa = PBXTargetDependency;
			target = C984A7E329A9EEB700D74C52 /* SherpaOnnx */;
			targetProxy = C984A80529A9EEBA00D74C52 /* PBXContainerItemProxy */;
		};
/* End PBXTargetDependency section */

/* Begin PBXVariantGroup section */
		C984A7F229A9EEB900D74C52 /* LaunchScreen.storyboard */ = {
			isa = PBXVariantGroup;
			children = (
				C984A7F329A9EEB900D74C52 /* Base */,
			);
			name = LaunchScreen.storyboard;
			sourceTree = "<group>";
		};
		C984A82629AA196100D74C52 /* Main.storyboard */ = {
			isa = PBXVariantGroup;
			children = (
				C984A82729AA196100D74C52 /* Base */,
			);
			name = Main.storyboard;
			sourceTree = "<group>";
		};
/* End PBXVariantGroup section */

/* Begin XCBuildConfiguration section */
		C984A80C29A9EEBA00D74C52 /* Debug */ = {
			isa = XCBuildConfiguration;
			buildSettings = {
				ALWAYS_SEARCH_USER_PATHS = NO;
				CLANG_ANALYZER_NONNULL = YES;
				CLANG_ANALYZER_NUMBER_OBJECT_CONVERSION = YES_AGGRESSIVE;
				CLANG_CXX_LANGUAGE_STANDARD = "gnu++20";
				CLANG_ENABLE_MODULES = YES;
				CLANG_ENABLE_OBJC_ARC = YES;
				CLANG_ENABLE_OBJC_WEAK = YES;
				CLANG_WARN_BLOCK_CAPTURE_AUTORELEASING = YES;
				CLANG_WARN_BOOL_CONVERSION = YES;
				CLANG_WARN_COMMA = YES;
				CLANG_WARN_CONSTANT_CONVERSION = YES;
				CLANG_WARN_DEPRECATED_OBJC_IMPLEMENTATIONS = YES;
				CLANG_WARN_DIRECT_OBJC_ISA_USAGE = YES_ERROR;
				CLANG_WARN_DOCUMENTATION_COMMENTS = YES;
				CLANG_WARN_EMPTY_BODY = YES;
				CLANG_WARN_ENUM_CONVERSION = YES;
				CLANG_WARN_INFINITE_RECURSION = YES;
				CLANG_WARN_INT_CONVERSION = YES;
				CLANG_WARN_NON_LITERAL_NULL_CONVERSION = YES;
				CLANG_WARN_OBJC_IMPLICIT_RETAIN_SELF = YES;
				CLANG_WARN_OBJC_LITERAL_CONVERSION = YES;
				CLANG_WARN_OBJC_ROOT_CLASS = YES_ERROR;
				CLANG_WARN_QUOTED_INCLUDE_IN_FRAMEWORK_HEADER = YES;
				CLANG_WARN_RANGE_LOOP_ANALYSIS = YES;
				CLANG_WARN_STRICT_PROTOTYPES = YES;
				CLANG_WARN_SUSPICIOUS_MOVE = YES;
				CLANG_WARN_UNGUARDED_AVAILABILITY = YES_AGGRESSIVE;
				CLANG_WARN_UNREACHABLE_CODE = YES;
				CLANG_WARN__DUPLICATE_METHOD_MATCH = YES;
				COPY_PHASE_STRIP = NO;
				DEBUG_INFORMATION_FORMAT = dwarf;
				ENABLE_STRICT_OBJC_MSGSEND = YES;
				ENABLE_TESTABILITY = YES;
				GCC_C_LANGUAGE_STANDARD = gnu11;
				GCC_DYNAMIC_NO_PIC = NO;
				GCC_NO_COMMON_BLOCKS = YES;
				GCC_OPTIMIZATION_LEVEL = 0;
				GCC_PREPROCESSOR_DEFINITIONS = (
					"DEBUG=1",
					"$(inherited)",
				);
				GCC_WARN_64_TO_32_BIT_CONVERSION = YES;
				GCC_WARN_ABOUT_RETURN_TYPE = YES_ERROR;
				GCC_WARN_UNDECLARED_SELECTOR = YES;
				GCC_WARN_UNINITIALIZED_AUTOS = YES_AGGRESSIVE;
				GCC_WARN_UNUSED_FUNCTION = YES;
				GCC_WARN_UNUSED_VARIABLE = YES;
				IPHONEOS_DEPLOYMENT_TARGET = 16.2;
				MTL_ENABLE_DEBUG_INFO = INCLUDE_SOURCE;
				MTL_FAST_MATH = YES;
				ONLY_ACTIVE_ARCH = YES;
				SDKROOT = iphoneos;
				SWIFT_ACTIVE_COMPILATION_CONDITIONS = DEBUG;
				SWIFT_OPTIMIZATION_LEVEL = "-Onone";
			};
			name = Debug;
		};
		C984A80D29A9EEBA00D74C52 /* Release */ = {
			isa = XCBuildConfiguration;
			buildSettings = {
				ALWAYS_SEARCH_USER_PATHS = NO;
				CLANG_ANALYZER_NONNULL = YES;
				CLANG_ANALYZER_NUMBER_OBJECT_CONVERSION = YES_AGGRESSIVE;
				CLANG_CXX_LANGUAGE_STANDARD = "gnu++20";
				CLANG_ENABLE_MODULES = YES;
				CLANG_ENABLE_OBJC_ARC = YES;
				CLANG_ENABLE_OBJC_WEAK = YES;
				CLANG_WARN_BLOCK_CAPTURE_AUTORELEASING = YES;
				CLANG_WARN_BOOL_CONVERSION = YES;
				CLANG_WARN_COMMA = YES;
				CLANG_WARN_CONSTANT_CONVERSION = YES;
				CLANG_WARN_DEPRECATED_OBJC_IMPLEMENTATIONS = YES;
				CLANG_WARN_DIRECT_OBJC_ISA_USAGE = YES_ERROR;
				CLANG_WARN_DOCUMENTATION_COMMENTS = YES;
				CLANG_WARN_EMPTY_BODY = YES;
				CLANG_WARN_ENUM_CONVERSION = YES;
				CLANG_WARN_INFINITE_RECURSION = YES;
				CLANG_WARN_INT_CONVERSION = YES;
				CLANG_WARN_NON_LITERAL_NULL_CONVERSION = YES;
				CLANG_WARN_OBJC_IMPLICIT_RETAIN_SELF = YES;
				CLANG_WARN_OBJC_LITERAL_CONVERSION = YES;
				CLANG_WARN_OBJC_ROOT_CLASS = YES_ERROR;
				CLANG_WARN_QUOTED_INCLUDE_IN_FRAMEWORK_HEADER = YES;
				CLANG_WARN_RANGE_LOOP_ANALYSIS = YES;
				CLANG_WARN_STRICT_PROTOTYPES = YES;
				CLANG_WARN_SUSPICIOUS_MOVE = YES;
				CLANG_WARN_UNGUARDED_AVAILABILITY = YES_AGGRESSIVE;
				CLANG_WARN_UNREACHABLE_CODE = YES;
				CLANG_WARN__DUPLICATE_METHOD_MATCH = YES;
				COPY_PHASE_STRIP = NO;
				DEBUG_INFORMATION_FORMAT = "dwarf-with-dsym";
				ENABLE_NS_ASSERTIONS = NO;
				ENABLE_STRICT_OBJC_MSGSEND = YES;
				GCC_C_LANGUAGE_STANDARD = gnu11;
				GCC_NO_COMMON_BLOCKS = YES;
				GCC_WARN_64_TO_32_BIT_CONVERSION = YES;
				GCC_WARN_ABOUT_RETURN_TYPE = YES_ERROR;
				GCC_WARN_UNDECLARED_SELECTOR = YES;
				GCC_WARN_UNINITIALIZED_AUTOS = YES_AGGRESSIVE;
				GCC_WARN_UNUSED_FUNCTION = YES;
				GCC_WARN_UNUSED_VARIABLE = YES;
				IPHONEOS_DEPLOYMENT_TARGET = 16.2;
				MTL_ENABLE_DEBUG_INFO = NO;
				MTL_FAST_MATH = YES;
				SDKROOT = iphoneos;
				SWIFT_COMPILATION_MODE = wholemodule;
				SWIFT_OPTIMIZATION_LEVEL = "-O";
				VALIDATE_PRODUCT = YES;
			};
			name = Release;
		};
		C984A80F29A9EEBA00D74C52 /* Debug */ = {
			isa = XCBuildConfiguration;
			baseConfigurationReference = 71A49E1C5BEE1F85264139C3 /* Pods-SherpaOnnx.debug.xcconfig */;
			buildSettings = {
				ASSETCATALOG_COMPILER_APPICON_NAME = AppIcon;
				ASSETCATALOG_COMPILER_GLOBAL_ACCENT_COLOR_NAME = AccentColor;
				CODE_SIGN_ENTITLEMENTS = SherpaOnnx/SherpaOnnx.entitlements;
				CODE_SIGN_STYLE = Automatic;
				CURRENT_PROJECT_VERSION = 1;
				DEVELOPMENT_TEAM = C59QQS38F6;
				GENERATE_INFOPLIST_FILE = YES;
				HEADER_SEARCH_PATHS = (
					"${PROJECT_DIR}/../../build-ios/sherpa-onnx.xcframework/Headers/",
					"\"$(SRCROOT)/../../build-ios/ios-onnxruntime/1.17.1/onnxruntime.xcframework/Headers\"",
				);
				INFOPLIST_FILE = SherpaOnnx/Info.plist;
				INFOPLIST_KEY_NSMicrophoneUsageDescription = "Need microphone access for Next-gen Kaldi to work";
				INFOPLIST_KEY_UIApplicationSupportsIndirectInputEvents = YES;
				INFOPLIST_KEY_UILaunchStoryboardName = LaunchScreen;
				INFOPLIST_KEY_UIMainStoryboardFile = Main;
				INFOPLIST_KEY_UISupportedInterfaceOrientations_iPad = "UIInterfaceOrientationPortrait UIInterfaceOrientationPortraitUpsideDown UIInterfaceOrientationLandscapeLeft UIInterfaceOrientationLandscapeRight";
				INFOPLIST_KEY_UISupportedInterfaceOrientations_iPhone = "UIInterfaceOrientationPortrait UIInterfaceOrientationLandscapeLeft UIInterfaceOrientationLandscapeRight";
				IPHONEOS_DEPLOYMENT_TARGET = 15.0;
				LD_RUNPATH_SEARCH_PATHS = (
					"$(inherited)",
					"@executable_path/Frameworks",
				);
				MARKETING_VERSION = 1.0;
				OTHER_LDFLAGS = "-lc++";
				PRODUCT_BUNDLE_IDENTIFIER = com.itour.org.SherpaOnnx;
				PRODUCT_NAME = "$(TARGET_NAME)";
				SUPPORTED_PLATFORMS = "iphoneos iphonesimulator";
				SUPPORTS_MACCATALYST = YES;
				SWIFT_EMIT_LOC_STRINGS = YES;
				SWIFT_OBJC_BRIDGING_HEADER = "${PROJECT_DIR}/../../swift-api-examples/SherpaOnnx-Bridging-Header.h";
				SWIFT_VERSION = 5.0;
				TARGETED_DEVICE_FAMILY = "1,2";
			};
			name = Debug;
		};
		C984A81029A9EEBA00D74C52 /* Release */ = {
			isa = XCBuildConfiguration;
			baseConfigurationReference = 1B943597515282774151A2A5 /* Pods-SherpaOnnx.release.xcconfig */;
			buildSettings = {
				ASSETCATALOG_COMPILER_APPICON_NAME = AppIcon;
				ASSETCATALOG_COMPILER_GLOBAL_ACCENT_COLOR_NAME = AccentColor;
				CODE_SIGN_ENTITLEMENTS = SherpaOnnx/SherpaOnnx.entitlements;
				CODE_SIGN_STYLE = Automatic;
				CURRENT_PROJECT_VERSION = 1;
				DEVELOPMENT_TEAM = C59QQS38F6;
				GENERATE_INFOPLIST_FILE = YES;
				HEADER_SEARCH_PATHS = (
					"${PROJECT_DIR}/../../build-ios/sherpa-onnx.xcframework/Headers/",
					"\"$(SRCROOT)/../../build-ios/ios-onnxruntime/1.17.1/onnxruntime.xcframework/Headers\"",
				);
				INFOPLIST_FILE = SherpaOnnx/Info.plist;
				INFOPLIST_KEY_NSMicrophoneUsageDescription = "Need microphone access for Next-gen Kaldi to work";
				INFOPLIST_KEY_UIApplicationSupportsIndirectInputEvents = YES;
				INFOPLIST_KEY_UILaunchStoryboardName = LaunchScreen;
				INFOPLIST_KEY_UIMainStoryboardFile = Main;
				INFOPLIST_KEY_UISupportedInterfaceOrientations_iPad = "UIInterfaceOrientationPortrait UIInterfaceOrientationPortraitUpsideDown UIInterfaceOrientationLandscapeLeft UIInterfaceOrientationLandscapeRight";
				INFOPLIST_KEY_UISupportedInterfaceOrientations_iPhone = "UIInterfaceOrientationPortrait UIInterfaceOrientationLandscapeLeft UIInterfaceOrientationLandscapeRight";
				IPHONEOS_DEPLOYMENT_TARGET = 15.0;
				LD_RUNPATH_SEARCH_PATHS = (
					"$(inherited)",
					"@executable_path/Frameworks",
				);
				MARKETING_VERSION = 1.0;
				OTHER_LDFLAGS = "-lc++";
				PRODUCT_BUNDLE_IDENTIFIER = com.itour.org.SherpaOnnx;
				PRODUCT_NAME = "$(TARGET_NAME)";
				SUPPORTED_PLATFORMS = "iphoneos iphonesimulator";
				SUPPORTS_MACCATALYST = YES;
				SWIFT_EMIT_LOC_STRINGS = YES;
				SWIFT_OBJC_BRIDGING_HEADER = "${PROJECT_DIR}/../../swift-api-examples/SherpaOnnx-Bridging-Header.h";
				SWIFT_VERSION = 5.0;
				TARGETED_DEVICE_FAMILY = "1,2";
			};
			name = Release;
		};
		C984A81229A9EEBA00D74C52 /* Debug */ = {
			isa = XCBuildConfiguration;
			baseConfigurationReference = 517D66377A4B0B0B8699CE83 /* Pods-SherpaOnnxTests.debug.xcconfig */;
			buildSettings = {
				ALWAYS_EMBED_SWIFT_STANDARD_LIBRARIES = YES;
				BUNDLE_LOADER = "$(TEST_HOST)";
				CODE_SIGN_STYLE = Automatic;
				CURRENT_PROJECT_VERSION = 1;
				GENERATE_INFOPLIST_FILE = YES;
				IPHONEOS_DEPLOYMENT_TARGET = 16.2;
				MARKETING_VERSION = 1.0;
				PRODUCT_BUNDLE_IDENTIFIER = "com.k2-fsa.org.SherpaOnnxTests";
				PRODUCT_NAME = "$(TARGET_NAME)";
				SWIFT_EMIT_LOC_STRINGS = NO;
				SWIFT_VERSION = 5.0;
				TARGETED_DEVICE_FAMILY = "1,2";
				TEST_HOST = "$(BUILT_PRODUCTS_DIR)/SherpaOnnx.app/$(BUNDLE_EXECUTABLE_FOLDER_PATH)/SherpaOnnx";
			};
			name = Debug;
		};
		C984A81329A9EEBA00D74C52 /* Release */ = {
			isa = XCBuildConfiguration;
			baseConfigurationReference = 74617BBE4BEF2F4FF0EA044A /* Pods-SherpaOnnxTests.release.xcconfig */;
			buildSettings = {
				ALWAYS_EMBED_SWIFT_STANDARD_LIBRARIES = YES;
				BUNDLE_LOADER = "$(TEST_HOST)";
				CODE_SIGN_STYLE = Automatic;
				CURRENT_PROJECT_VERSION = 1;
				GENERATE_INFOPLIST_FILE = YES;
				IPHONEOS_DEPLOYMENT_TARGET = 16.2;
				MARKETING_VERSION = 1.0;
				PRODUCT_BUNDLE_IDENTIFIER = "com.k2-fsa.org.SherpaOnnxTests";
				PRODUCT_NAME = "$(TARGET_NAME)";
				SWIFT_EMIT_LOC_STRINGS = NO;
				SWIFT_VERSION = 5.0;
				TARGETED_DEVICE_FAMILY = "1,2";
				TEST_HOST = "$(BUILT_PRODUCTS_DIR)/SherpaOnnx.app/$(BUNDLE_EXECUTABLE_FOLDER_PATH)/SherpaOnnx";
			};
			name = Release;
		};
		C984A81529A9EEBA00D74C52 /* Debug */ = {
			isa = XCBuildConfiguration;
			baseConfigurationReference = C3272197DE93017CD811142D /* Pods-SherpaOnnx-SherpaOnnxUITests.debug.xcconfig */;
			buildSettings = {
				ALWAYS_EMBED_SWIFT_STANDARD_LIBRARIES = YES;
				CODE_SIGN_STYLE = Automatic;
				CURRENT_PROJECT_VERSION = 1;
				GENERATE_INFOPLIST_FILE = YES;
				MARKETING_VERSION = 1.0;
				PRODUCT_BUNDLE_IDENTIFIER = "com.k2-fsa.org.SherpaOnnxUITests";
				PRODUCT_NAME = "$(TARGET_NAME)";
				SWIFT_EMIT_LOC_STRINGS = NO;
				SWIFT_VERSION = 5.0;
				TARGETED_DEVICE_FAMILY = "1,2";
				TEST_TARGET_NAME = SherpaOnnx;
			};
			name = Debug;
		};
		C984A81629A9EEBA00D74C52 /* Release */ = {
			isa = XCBuildConfiguration;
			baseConfigurationReference = 44A4DC5EBA03A88ACC73FBF1 /* Pods-SherpaOnnx-SherpaOnnxUITests.release.xcconfig */;
			buildSettings = {
				ALWAYS_EMBED_SWIFT_STANDARD_LIBRARIES = YES;
				CODE_SIGN_STYLE = Automatic;
				CURRENT_PROJECT_VERSION = 1;
				GENERATE_INFOPLIST_FILE = YES;
				MARKETING_VERSION = 1.0;
				PRODUCT_BUNDLE_IDENTIFIER = "com.k2-fsa.org.SherpaOnnxUITests";
				PRODUCT_NAME = "$(TARGET_NAME)";
				SWIFT_EMIT_LOC_STRINGS = NO;
				SWIFT_VERSION = 5.0;
				TARGETED_DEVICE_FAMILY = "1,2";
				TEST_TARGET_NAME = SherpaOnnx;
			};
			name = Release;
		};
/* End XCBuildConfiguration section */

/* Begin XCConfigurationList section */
		C984A7DF29A9EEB700D74C52 /* Build configuration list for PBXProject "SherpaOnnx" */ = {
			isa = XCConfigurationList;
			buildConfigurations = (
				C984A80C29A9EEBA00D74C52 /* Debug */,
				C984A80D29A9EEBA00D74C52 /* Release */,
			);
			defaultConfigurationIsVisible = 0;
			defaultConfigurationName = Release;
		};
		C984A80E29A9EEBA00D74C52 /* Build configuration list for PBXNativeTarget "SherpaOnnx" */ = {
			isa = XCConfigurationList;
			buildConfigurations = (
				C984A80F29A9EEBA00D74C52 /* Debug */,
				C984A81029A9EEBA00D74C52 /* Release */,
			);
			defaultConfigurationIsVisible = 0;
			defaultConfigurationName = Release;
		};
		C984A81129A9EEBA00D74C52 /* Build configuration list for PBXNativeTarget "SherpaOnnxTests" */ = {
			isa = XCConfigurationList;
			buildConfigurations = (
				C984A81229A9EEBA00D74C52 /* Debug */,
				C984A81329A9EEBA00D74C52 /* Release */,
			);
			defaultConfigurationIsVisible = 0;
			defaultConfigurationName = Release;
		};
		C984A81429A9EEBA00D74C52 /* Build configuration list for PBXNativeTarget "SherpaOnnxUITests" */ = {
			isa = XCConfigurationList;
			buildConfigurations = (
				C984A81529A9EEBA00D74C52 /* Debug */,
				C984A81629A9EEBA00D74C52 /* Release */,
			);
			defaultConfigurationIsVisible = 0;
			defaultConfigurationName = Release;
		};
/* End XCConfigurationList section */
	};
	rootObject = C984A7DC29A9EEB700D74C52 /* Project object */;
}
